// !$*UTF8*$!
{
	archiveVersion = 1;
	classes = {
	};
	objectVersion = 46;
	objects = {

/* Begin PBXBuildFile section */
		86C435605E5A11293A59CC82 /* libPods.a in Frameworks */ = {isa = PBXBuildFile; fileRef = BB13D7797DCE6178BA6EFF56 /* libPods.a */; };
		8A1399561A9595D900EEA030 /* AppDelegate.swift in Sources */ = {isa = PBXBuildFile; fileRef = 8A1399551A9595D900EEA030 /* AppDelegate.swift */; };
		8A13995B1A9595D900EEA030 /* Main.storyboard in Resources */ = {isa = PBXBuildFile; fileRef = 8A1399591A9595D900EEA030 /* Main.storyboard */; };
		8A13995D1A9595D900EEA030 /* Images.xcassets in Resources */ = {isa = PBXBuildFile; fileRef = 8A13995C1A9595D900EEA030 /* Images.xcassets */; };
		8A1399601A9595D900EEA030 /* LaunchScreen.xib in Resources */ = {isa = PBXBuildFile; fileRef = 8A13995E1A9595D900EEA030 /* LaunchScreen.xib */; };
		8A13996C1A9595D900EEA030 /* __TwitterTests.swift in Sources */ = {isa = PBXBuildFile; fileRef = 8A13996B1A9595D900EEA030 /* __TwitterTests.swift */; };
		8A1399791A9596D800EEA030 /* HomeTimelineViewController.swift in Sources */ = {isa = PBXBuildFile; fileRef = 8A1399781A9596D800EEA030 /* HomeTimelineViewController.swift */; };
		8A13997C1A9596F500EEA030 /* TweetDetailViewController.swift in Sources */ = {isa = PBXBuildFile; fileRef = 8A13997B1A9596F500EEA030 /* TweetDetailViewController.swift */; };
		8A13997E1A95973B00EEA030 /* ComposeViewController.swift in Sources */ = {isa = PBXBuildFile; fileRef = 8A13997D1A95973B00EEA030 /* ComposeViewController.swift */; };
		8A6816D21A96DCE900BB8BA7 /* LoginViewController.swift in Sources */ = {isa = PBXBuildFile; fileRef = 8A6816D11A96DCE900BB8BA7 /* LoginViewController.swift */; };
		8A8DA5D51A98F2CE0058643B /* Color.swift in Sources */ = {isa = PBXBuildFile; fileRef = 8A8DA5D41A98F2CE0058643B /* Color.swift */; };
		8AA63C531A9875910040C2A1 /* ApiKeys.swift in Sources */ = {isa = PBXBuildFile; fileRef = 8AA63C521A9875910040C2A1 /* ApiKeys.swift */; };
		8AA63C551A9876370040C2A1 /* ApiKeys.plist in Resources */ = {isa = PBXBuildFile; fileRef = 8AA63C541A9876370040C2A1 /* ApiKeys.plist */; };
		8AB6381C1A9B223F008C225E /* Time.swift in Sources */ = {isa = PBXBuildFile; fileRef = 8AB6381B1A9B223F008C225E /* Time.swift */; };
		8AC667F11A982DA6005F71C9 /* User.swift in Sources */ = {isa = PBXBuildFile; fileRef = 8AC667F01A982DA6005F71C9 /* User.swift */; };
		8AC667F31A982DC1005F71C9 /* Tweet.swift in Sources */ = {isa = PBXBuildFile; fileRef = 8AC667F21A982DC1005F71C9 /* Tweet.swift */; };
		8ADB61051A95C6E700ECAE54 /* TwitterClient.swift in Sources */ = {isa = PBXBuildFile; fileRef = 8ADB61041A95C6E700ECAE54 /* TwitterClient.swift */; };
		8ADB61071A95CC2A00ECAE54 /* HomeTimelineCell.swift in Sources */ = {isa = PBXBuildFile; fileRef = 8ADB61061A95CC2A00ECAE54 /* HomeTimelineCell.swift */; };
/* End PBXBuildFile section */

/* Begin PBXContainerItemProxy section */
		8A1399661A9595D900EEA030 /* PBXContainerItemProxy */ = {
			isa = PBXContainerItemProxy;
			containerPortal = 8A1399481A9595D900EEA030 /* Project object */;
			proxyType = 1;
			remoteGlobalIDString = 8A13994F1A9595D900EEA030;
			remoteInfo = 3_Twitter;
		};
/* End PBXContainerItemProxy section */

/* Begin PBXFileReference section */
		5AF7B77E7CEEB324E8449F3D /* Pods.release.xcconfig */ = {isa = PBXFileReference; includeInIndex = 1; lastKnownFileType = text.xcconfig; name = Pods.release.xcconfig; path = "Pods/Target Support Files/Pods/Pods.release.xcconfig"; sourceTree = "<group>"; };
		74C4365704D5174AA943EAD7 /* Pods.debug.xcconfig */ = {isa = PBXFileReference; includeInIndex = 1; lastKnownFileType = text.xcconfig; name = Pods.debug.xcconfig; path = "Pods/Target Support Files/Pods/Pods.debug.xcconfig"; sourceTree = "<group>"; };
		8A1399501A9595D900EEA030 /* 3_Twitter.app */ = {isa = PBXFileReference; explicitFileType = wrapper.application; includeInIndex = 0; path = 3_Twitter.app; sourceTree = BUILT_PRODUCTS_DIR; };
		8A1399541A9595D900EEA030 /* Info.plist */ = {isa = PBXFileReference; lastKnownFileType = text.plist.xml; path = Info.plist; sourceTree = "<group>"; };
		8A1399551A9595D900EEA030 /* AppDelegate.swift */ = {isa = PBXFileReference; lastKnownFileType = sourcecode.swift; path = AppDelegate.swift; sourceTree = "<group>"; };
		8A13995A1A9595D900EEA030 /* Base */ = {isa = PBXFileReference; lastKnownFileType = file.storyboard; name = Base; path = Base.lproj/Main.storyboard; sourceTree = "<group>"; };
		8A13995C1A9595D900EEA030 /* Images.xcassets */ = {isa = PBXFileReference; lastKnownFileType = folder.assetcatalog; path = Images.xcassets; sourceTree = "<group>"; };
		8A13995F1A9595D900EEA030 /* Base */ = {isa = PBXFileReference; lastKnownFileType = file.xib; name = Base; path = Base.lproj/LaunchScreen.xib; sourceTree = "<group>"; };
		8A1399651A9595D900EEA030 /* 3_TwitterTests.xctest */ = {isa = PBXFileReference; explicitFileType = wrapper.cfbundle; includeInIndex = 0; path = 3_TwitterTests.xctest; sourceTree = BUILT_PRODUCTS_DIR; };
		8A13996A1A9595D900EEA030 /* Info.plist */ = {isa = PBXFileReference; lastKnownFileType = text.plist.xml; path = Info.plist; sourceTree = "<group>"; };
		8A13996B1A9595D900EEA030 /* __TwitterTests.swift */ = {isa = PBXFileReference; lastKnownFileType = sourcecode.swift; path = __TwitterTests.swift; sourceTree = "<group>"; };
		8A1399751A95969200EEA030 /* 3_Twitter-Bridging-Header.h */ = {isa = PBXFileReference; lastKnownFileType = sourcecode.c.h; path = "3_Twitter-Bridging-Header.h"; sourceTree = "<group>"; };
		8A1399781A9596D800EEA030 /* HomeTimelineViewController.swift */ = {isa = PBXFileReference; fileEncoding = 4; lastKnownFileType = sourcecode.swift; path = HomeTimelineViewController.swift; sourceTree = "<group>"; };
		8A13997B1A9596F500EEA030 /* TweetDetailViewController.swift */ = {isa = PBXFileReference; fileEncoding = 4; lastKnownFileType = sourcecode.swift; path = TweetDetailViewController.swift; sourceTree = "<group>"; };
		8A13997D1A95973B00EEA030 /* ComposeViewController.swift */ = {isa = PBXFileReference; fileEncoding = 4; lastKnownFileType = sourcecode.swift; path = ComposeViewController.swift; sourceTree = "<group>"; };
		8A6816D11A96DCE900BB8BA7 /* LoginViewController.swift */ = {isa = PBXFileReference; fileEncoding = 4; lastKnownFileType = sourcecode.swift; path = LoginViewController.swift; sourceTree = "<group>"; };
		8A8DA5D41A98F2CE0058643B /* Color.swift */ = {isa = PBXFileReference; fileEncoding = 4; lastKnownFileType = sourcecode.swift; path = Color.swift; sourceTree = "<group>"; };
		8AA63C521A9875910040C2A1 /* ApiKeys.swift */ = {isa = PBXFileReference; fileEncoding = 4; lastKnownFileType = sourcecode.swift; path = ApiKeys.swift; sourceTree = "<group>"; };
		8AA63C541A9876370040C2A1 /* ApiKeys.plist */ = {isa = PBXFileReference; fileEncoding = 4; lastKnownFileType = text.plist.xml; path = ApiKeys.plist; sourceTree = "<group>"; };
		8AB6381B1A9B223F008C225E /* Time.swift */ = {isa = PBXFileReference; fileEncoding = 4; lastKnownFileType = sourcecode.swift; path = Time.swift; sourceTree = "<group>"; };
		8AC667F01A982DA6005F71C9 /* User.swift */ = {isa = PBXFileReference; fileEncoding = 4; lastKnownFileType = sourcecode.swift; path = User.swift; sourceTree = "<group>"; };
		8AC667F21A982DC1005F71C9 /* Tweet.swift */ = {isa = PBXFileReference; fileEncoding = 4; lastKnownFileType = sourcecode.swift; path = Tweet.swift; sourceTree = "<group>"; };
		8ADB61041A95C6E700ECAE54 /* TwitterClient.swift */ = {isa = PBXFileReference; fileEncoding = 4; lastKnownFileType = sourcecode.swift; path = TwitterClient.swift; sourceTree = "<group>"; };
		8ADB61061A95CC2A00ECAE54 /* HomeTimelineCell.swift */ = {isa = PBXFileReference; fileEncoding = 4; lastKnownFileType = sourcecode.swift; path = HomeTimelineCell.swift; sourceTree = "<group>"; };
		BB13D7797DCE6178BA6EFF56 /* libPods.a */ = {isa = PBXFileReference; explicitFileType = archive.ar; includeInIndex = 0; path = libPods.a; sourceTree = BUILT_PRODUCTS_DIR; };
/* End PBXFileReference section */

/* Begin PBXFrameworksBuildPhase section */
		8A13994D1A9595D900EEA030 /* Frameworks */ = {
			isa = PBXFrameworksBuildPhase;
			buildActionMask = 2147483647;
			files = (
				86C435605E5A11293A59CC82 /* libPods.a in Frameworks */,
			);
			runOnlyForDeploymentPostprocessing = 0;
		};
		8A1399621A9595D900EEA030 /* Frameworks */ = {
			isa = PBXFrameworksBuildPhase;
			buildActionMask = 2147483647;
			files = (
			);
			runOnlyForDeploymentPostprocessing = 0;
		};
/* End PBXFrameworksBuildPhase section */

/* Begin PBXGroup section */
		2D045BC77BB15EDB3B5F3890 /* Frameworks */ = {
			isa = PBXGroup;
			children = (
				BB13D7797DCE6178BA6EFF56 /* libPods.a */,
			);
			name = Frameworks;
			sourceTree = "<group>";
		};
		8A1399471A9595D900EEA030 = {
			isa = PBXGroup;
			children = (
				8AA63C541A9876370040C2A1 /* ApiKeys.plist */,
				8A1399521A9595D900EEA030 /* 3_Twitter */,
				8A1399681A9595D900EEA030 /* 3_TwitterTests */,
				8A1399511A9595D900EEA030 /* Products */,
				A9E8CE5085475BA3BDA4C42D /* Pods */,
				2D045BC77BB15EDB3B5F3890 /* Frameworks */,
			);
			sourceTree = "<group>";
		};
		8A1399511A9595D900EEA030 /* Products */ = {
			isa = PBXGroup;
			children = (
				8A1399501A9595D900EEA030 /* 3_Twitter.app */,
				8A1399651A9595D900EEA030 /* 3_TwitterTests.xctest */,
			);
			name = Products;
			sourceTree = "<group>";
		};
		8A1399521A9595D900EEA030 /* 3_Twitter */ = {
			isa = PBXGroup;
			children = (
				8ADB61021A95C6AB00ECAE54 /* API */,
				8ADB61011A95C69B00ECAE54 /* Models */,
				8A13997A1A9596DF00EEA030 /* View Controllers */,
				8ADB61031A95C6B200ECAE54 /* Views */,
				8A1399551A9595D900EEA030 /* AppDelegate.swift */,
				8A1399591A9595D900EEA030 /* Main.storyboard */,
				8A13995C1A9595D900EEA030 /* Images.xcassets */,
				8A13995E1A9595D900EEA030 /* LaunchScreen.xib */,
				8A1399531A9595D900EEA030 /* Supporting Files */,
			);
			path = 3_Twitter;
			sourceTree = "<group>";
		};
		8A1399531A9595D900EEA030 /* Supporting Files */ = {
			isa = PBXGroup;
			children = (
				8A1399751A95969200EEA030 /* 3_Twitter-Bridging-Header.h */,
				8A1399541A9595D900EEA030 /* Info.plist */,
				8A8DA5D41A98F2CE0058643B /* Color.swift */,
				8AB6381B1A9B223F008C225E /* Time.swift */,
			);
			name = "Supporting Files";
			sourceTree = "<group>";
		};
		8A1399681A9595D900EEA030 /* 3_TwitterTests */ = {
			isa = PBXGroup;
			children = (
				8A13996B1A9595D900EEA030 /* __TwitterTests.swift */,
				8A1399691A9595D900EEA030 /* Supporting Files */,
			);
			path = 3_TwitterTests;
			sourceTree = "<group>";
		};
		8A1399691A9595D900EEA030 /* Supporting Files */ = {
			isa = PBXGroup;
			children = (
				8A13996A1A9595D900EEA030 /* Info.plist */,
			);
			name = "Supporting Files";
			sourceTree = "<group>";
		};
		8A13997A1A9596DF00EEA030 /* View Controllers */ = {
			isa = PBXGroup;
			children = (
				8A6816D11A96DCE900BB8BA7 /* LoginViewController.swift */,
				8A1399781A9596D800EEA030 /* HomeTimelineViewController.swift */,
				8A13997B1A9596F500EEA030 /* TweetDetailViewController.swift */,
				8A13997D1A95973B00EEA030 /* ComposeViewController.swift */,
			);
			name = "View Controllers";
			sourceTree = "<group>";
		};
		8ADB61011A95C69B00ECAE54 /* Models */ = {
			isa = PBXGroup;
			children = (
				8AC667F01A982DA6005F71C9 /* User.swift */,
				8AC667F21A982DC1005F71C9 /* Tweet.swift */,
			);
			name = Models;
			sourceTree = "<group>";
		};
		8ADB61021A95C6AB00ECAE54 /* API */ = {
			isa = PBXGroup;
			children = (
				8ADB61041A95C6E700ECAE54 /* TwitterClient.swift */,
				8AA63C521A9875910040C2A1 /* ApiKeys.swift */,
			);
			name = API;
			sourceTree = "<group>";
		};
		8ADB61031A95C6B200ECAE54 /* Views */ = {
			isa = PBXGroup;
			children = (
				8ADB61061A95CC2A00ECAE54 /* HomeTimelineCell.swift */,
			);
			name = Views;
			sourceTree = "<group>";
		};
		A9E8CE5085475BA3BDA4C42D /* Pods */ = {
			isa = PBXGroup;
			children = (
				74C4365704D5174AA943EAD7 /* Pods.debug.xcconfig */,
				5AF7B77E7CEEB324E8449F3D /* Pods.release.xcconfig */,
			);
			name = Pods;
			sourceTree = "<group>";
		};
/* End PBXGroup section */

/* Begin PBXNativeTarget section */
		8A13994F1A9595D900EEA030 /* 3_Twitter */ = {
			isa = PBXNativeTarget;
			buildConfigurationList = 8A13996F1A9595D900EEA030 /* Build configuration list for PBXNativeTarget "3_Twitter" */;
			buildPhases = (
				E38167083480EAC254673ACF /* Check Pods Manifest.lock */,
				8A13994C1A9595D900EEA030 /* Sources */,
				8A13994D1A9595D900EEA030 /* Frameworks */,
				8A13994E1A9595D900EEA030 /* Resources */,
				1F910C2A353DF70F303DB993 /* Copy Pods Resources */,
			);
			buildRules = (
			);
			dependencies = (
			);
			name = 3_Twitter;
			productName = 3_Twitter;
			productReference = 8A1399501A9595D900EEA030 /* 3_Twitter.app */;
			productType = "com.apple.product-type.application";
		};
		8A1399641A9595D900EEA030 /* 3_TwitterTests */ = {
			isa = PBXNativeTarget;
			buildConfigurationList = 8A1399721A9595D900EEA030 /* Build configuration list for PBXNativeTarget "3_TwitterTests" */;
			buildPhases = (
				8A1399611A9595D900EEA030 /* Sources */,
				8A1399621A9595D900EEA030 /* Frameworks */,
				8A1399631A9595D900EEA030 /* Resources */,
			);
			buildRules = (
			);
			dependencies = (
				8A1399671A9595D900EEA030 /* PBXTargetDependency */,
			);
			name = 3_TwitterTests;
			productName = 3_TwitterTests;
			productReference = 8A1399651A9595D900EEA030 /* 3_TwitterTests.xctest */;
			productType = "com.apple.product-type.bundle.unit-test";
		};
/* End PBXNativeTarget section */

/* Begin PBXProject section */
		8A1399481A9595D900EEA030 /* Project object */ = {
			isa = PBXProject;
			attributes = {
				LastUpgradeCheck = 0630;
				ORGANIZATIONNAME = "Nathan Shayefar";
				TargetAttributes = {
					8A13994F1A9595D900EEA030 = {
						CreatedOnToolsVersion = 6.3;
					};
					8A1399641A9595D900EEA030 = {
						CreatedOnToolsVersion = 6.3;
						TestTargetID = 8A13994F1A9595D900EEA030;
					};
				};
			};
			buildConfigurationList = 8A13994B1A9595D900EEA030 /* Build configuration list for PBXProject "3_Twitter" */;
			compatibilityVersion = "Xcode 3.2";
			developmentRegion = English;
			hasScannedForEncodings = 0;
			knownRegions = (
				en,
				Base,
			);
			mainGroup = 8A1399471A9595D900EEA030;
			productRefGroup = 8A1399511A9595D900EEA030 /* Products */;
			projectDirPath = "";
			projectRoot = "";
			targets = (
				8A13994F1A9595D900EEA030 /* 3_Twitter */,
				8A1399641A9595D900EEA030 /* 3_TwitterTests */,
			);
		};
/* End PBXProject section */

/* Begin PBXResourcesBuildPhase section */
		8A13994E1A9595D900EEA030 /* Resources */ = {
			isa = PBXResourcesBuildPhase;
			buildActionMask = 2147483647;
			files = (
				8A13995B1A9595D900EEA030 /* Main.storyboard in Resources */,
				8AA63C551A9876370040C2A1 /* ApiKeys.plist in Resources */,
				8A1399601A9595D900EEA030 /* LaunchScreen.xib in Resources */,
				8A13995D1A9595D900EEA030 /* Images.xcassets in Resources */,
			);
			runOnlyForDeploymentPostprocessing = 0;
		};
		8A1399631A9595D900EEA030 /* Resources */ = {
			isa = PBXResourcesBuildPhase;
			buildActionMask = 2147483647;
			files = (
			);
			runOnlyForDeploymentPostprocessing = 0;
		};
/* End PBXResourcesBuildPhase section */

/* Begin PBXShellScriptBuildPhase section */
		1F910C2A353DF70F303DB993 /* Copy Pods Resources */ = {
			isa = PBXShellScriptBuildPhase;
			buildActionMask = 2147483647;
			files = (
			);
			inputPaths = (
			);
			name = "Copy Pods Resources";
			outputPaths = (
			);
			runOnlyForDeploymentPostprocessing = 0;
			shellPath = /bin/sh;
			shellScript = "\"${SRCROOT}/Pods/Target Support Files/Pods/Pods-resources.sh\"\n";
			showEnvVarsInLog = 0;
		};
		E38167083480EAC254673ACF /* Check Pods Manifest.lock */ = {
			isa = PBXShellScriptBuildPhase;
			buildActionMask = 2147483647;
			files = (
			);
			inputPaths = (
			);
			name = "Check Pods Manifest.lock";
			outputPaths = (
			);
			runOnlyForDeploymentPostprocessing = 0;
			shellPath = /bin/sh;
			shellScript = "diff \"${PODS_ROOT}/../Podfile.lock\" \"${PODS_ROOT}/Manifest.lock\" > /dev/null\nif [[ $? != 0 ]] ; then\n    cat << EOM\nerror: The sandbox is not in sync with the Podfile.lock. Run 'pod install' or update your CocoaPods installation.\nEOM\n    exit 1\nfi\n";
			showEnvVarsInLog = 0;
		};
/* End PBXShellScriptBuildPhase section */

/* Begin PBXSourcesBuildPhase section */
		8A13994C1A9595D900EEA030 /* Sources */ = {
			isa = PBXSourcesBuildPhase;
			buildActionMask = 2147483647;
			files = (
				8AB6381C1A9B223F008C225E /* Time.swift in Sources */,
				8A8DA5D51A98F2CE0058643B /* Color.swift in Sources */,
				8A6816D21A96DCE900BB8BA7 /* LoginViewController.swift in Sources */,
				8ADB61051A95C6E700ECAE54 /* TwitterClient.swift in Sources */,
				8A1399561A9595D900EEA030 /* AppDelegate.swift in Sources */,
				8AC667F31A982DC1005F71C9 /* Tweet.swift in Sources */,
				8AA63C531A9875910040C2A1 /* ApiKeys.swift in Sources */,
				8A1399791A9596D800EEA030 /* HomeTimelineViewController.swift in Sources */,
				8AC667F11A982DA6005F71C9 /* User.swift in Sources */,
				8ADB61071A95CC2A00ECAE54 /* HomeTimelineCell.swift in Sources */,
				8A13997C1A9596F500EEA030 /* TweetDetailViewController.swift in Sources */,
				8A13997E1A95973B00EEA030 /* ComposeViewController.swift in Sources */,
			);
			runOnlyForDeploymentPostprocessing = 0;
		};
		8A1399611A9595D900EEA030 /* Sources */ = {
			isa = PBXSourcesBuildPhase;
			buildActionMask = 2147483647;
			files = (
				8A13996C1A9595D900EEA030 /* __TwitterTests.swift in Sources */,
			);
			runOnlyForDeploymentPostprocessing = 0;
		};
/* End PBXSourcesBuildPhase section */

/* Begin PBXTargetDependency section */
		8A1399671A9595D900EEA030 /* PBXTargetDependency */ = {
			isa = PBXTargetDependency;
			target = 8A13994F1A9595D900EEA030 /* 3_Twitter */;
			targetProxy = 8A1399661A9595D900EEA030 /* PBXContainerItemProxy */;
		};
/* End PBXTargetDependency section */

/* Begin PBXVariantGroup section */
		8A1399591A9595D900EEA030 /* Main.storyboard */ = {
			isa = PBXVariantGroup;
			children = (
				8A13995A1A9595D900EEA030 /* Base */,
			);
			name = Main.storyboard;
			sourceTree = "<group>";
		};
		8A13995E1A9595D900EEA030 /* LaunchScreen.xib */ = {
			isa = PBXVariantGroup;
			children = (
				8A13995F1A9595D900EEA030 /* Base */,
			);
			name = LaunchScreen.xib;
			sourceTree = "<group>";
		};
/* End PBXVariantGroup section */

/* Begin XCBuildConfiguration section */
		8A13996D1A9595D900EEA030 /* Debug */ = {
			isa = XCBuildConfiguration;
			buildSettings = {
				ALWAYS_SEARCH_USER_PATHS = NO;
				CLANG_CXX_LANGUAGE_STANDARD = "gnu++0x";
				CLANG_CXX_LIBRARY = "libc++";
				CLANG_ENABLE_MODULES = YES;
				CLANG_ENABLE_OBJC_ARC = YES;
				CLANG_WARN_BOOL_CONVERSION = YES;
				CLANG_WARN_CONSTANT_CONVERSION = YES;
				CLANG_WARN_DIRECT_OBJC_ISA_USAGE = YES_ERROR;
				CLANG_WARN_EMPTY_BODY = YES;
				CLANG_WARN_ENUM_CONVERSION = YES;
				CLANG_WARN_INT_CONVERSION = YES;
				CLANG_WARN_OBJC_ROOT_CLASS = YES_ERROR;
				CLANG_WARN_UNREACHABLE_CODE = YES;
				CLANG_WARN__DUPLICATE_METHOD_MATCH = YES;
				"CODE_SIGN_IDENTITY[sdk=iphoneos*]" = "iPhone Developer";
				COPY_PHASE_STRIP = NO;
				DEBUG_INFORMATION_FORMAT = dwarf;
				ENABLE_STRICT_OBJC_MSGSEND = YES;
				GCC_C_LANGUAGE_STANDARD = gnu99;
				GCC_DYNAMIC_NO_PIC = NO;
				GCC_OPTIMIZATION_LEVEL = 0;
				GCC_PREPROCESSOR_DEFINITIONS = (
					"DEBUG=1",
					"$(inherited)",
				);
				GCC_SYMBOLS_PRIVATE_EXTERN = NO;
				GCC_WARN_64_TO_32_BIT_CONVERSION = YES;
				GCC_WARN_ABOUT_RETURN_TYPE = YES_ERROR;
				GCC_WARN_UNDECLARED_SELECTOR = YES;
				GCC_WARN_UNINITIALIZED_AUTOS = YES_AGGRESSIVE;
				GCC_WARN_UNUSED_FUNCTION = YES;
				GCC_WARN_UNUSED_VARIABLE = YES;
				IPHONEOS_DEPLOYMENT_TARGET = 8.3;
				MTL_ENABLE_DEBUG_INFO = YES;
				ONLY_ACTIVE_ARCH = YES;
				SDKROOT = iphoneos;
				SWIFT_OPTIMIZATION_LEVEL = "-Onone";
				TARGETED_DEVICE_FAMILY = "1,2";
			};
			name = Debug;
		};
		8A13996E1A9595D900EEA030 /* Release */ = {
			isa = XCBuildConfiguration;
			buildSettings = {
				ALWAYS_SEARCH_USER_PATHS = NO;
				CLANG_CXX_LANGUAGE_STANDARD = "gnu++0x";
				CLANG_CXX_LIBRARY = "libc++";
				CLANG_ENABLE_MODULES = YES;
				CLANG_ENABLE_OBJC_ARC = YES;
				CLANG_WARN_BOOL_CONVERSION = YES;
				CLANG_WARN_CONSTANT_CONVERSION = YES;
				CLANG_WARN_DIRECT_OBJC_ISA_USAGE = YES_ERROR;
				CLANG_WARN_EMPTY_BODY = YES;
				CLANG_WARN_ENUM_CONVERSION = YES;
				CLANG_WARN_INT_CONVERSION = YES;
				CLANG_WARN_OBJC_ROOT_CLASS = YES_ERROR;
				CLANG_WARN_UNREACHABLE_CODE = YES;
				CLANG_WARN__DUPLICATE_METHOD_MATCH = YES;
				"CODE_SIGN_IDENTITY[sdk=iphoneos*]" = "iPhone Developer";
				COPY_PHASE_STRIP = NO;
				DEBUG_INFORMATION_FORMAT = "dwarf-with-dsym";
				ENABLE_NS_ASSERTIONS = NO;
				ENABLE_STRICT_OBJC_MSGSEND = YES;
				GCC_C_LANGUAGE_STANDARD = gnu99;
				GCC_WARN_64_TO_32_BIT_CONVERSION = YES;
				GCC_WARN_ABOUT_RETURN_TYPE = YES_ERROR;
				GCC_WARN_UNDECLARED_SELECTOR = YES;
				GCC_WARN_UNINITIALIZED_AUTOS = YES_AGGRESSIVE;
				GCC_WARN_UNUSED_FUNCTION = YES;
				GCC_WARN_UNUSED_VARIABLE = YES;
				IPHONEOS_DEPLOYMENT_TARGET = 8.3;
				MTL_ENABLE_DEBUG_INFO = NO;
				SDKROOT = iphoneos;
				TARGETED_DEVICE_FAMILY = "1,2";
				VALIDATE_PRODUCT = YES;
			};
			name = Release;
		};
		8A1399701A9595D900EEA030 /* Debug */ = {
			isa = XCBuildConfiguration;
			baseConfigurationReference = 74C4365704D5174AA943EAD7 /* Pods.debug.xcconfig */;
			buildSettings = {
				ASSETCATALOG_COMPILER_APPICON_NAME = AppIcon;
				CLANG_ENABLE_MODULES = YES;
				INFOPLIST_FILE = 3_Twitter/Info.plist;
				LD_RUNPATH_SEARCH_PATHS = "$(inherited) @executable_path/Frameworks";
				PRODUCT_NAME = "$(TARGET_NAME)";
				SWIFT_OBJC_BRIDGING_HEADER = "3_Twitter/3_Twitter-Bridging-Header.h";
				SWIFT_OPTIMIZATION_LEVEL = "-Onone";
			};
			name = Debug;
		};
		8A1399711A9595D900EEA030 /* Release */ = {
			isa = XCBuildConfiguration;
			baseConfigurationReference = 5AF7B77E7CEEB324E8449F3D /* Pods.release.xcconfig */;
			buildSettings = {
				ASSETCATALOG_COMPILER_APPICON_NAME = AppIcon;
				CLANG_ENABLE_MODULES = YES;
				INFOPLIST_FILE = 3_Twitter/Info.plist;
				LD_RUNPATH_SEARCH_PATHS = "$(inherited) @executable_path/Frameworks";
				PRODUCT_NAME = "$(TARGET_NAME)";
				SWIFT_OBJC_BRIDGING_HEADER = "3_Twitter/3_Twitter-Bridging-Header.h";
			};
			name = Release;
		};
		8A1399731A9595D900EEA030 /* Debug */ = {
			isa = XCBuildConfiguration;
			buildSettings = {
				BUNDLE_LOADER = "$(TEST_HOST)";
				FRAMEWORK_SEARCH_PATHS = (
					"$(SDKROOT)/Developer/Library/Frameworks",
					"$(inherited)",
				);
				GCC_PREPROCESSOR_DEFINITIONS = (
					"DEBUG=1",
					"$(inherited)",
				);
				INFOPLIST_FILE = 3_TwitterTests/Info.plist;
				LD_RUNPATH_SEARCH_PATHS = "$(inherited) @executable_path/Frameworks @loader_path/Frameworks";
				PRODUCT_NAME = "$(TARGET_NAME)";
				TEST_HOST = "$(BUILT_PRODUCTS_DIR)/3_Twitter.app/3_Twitter";
			};
			name = Debug;
		};
		8A1399741A9595D900EEA030 /* Release */ = {
			isa = XCBuildConfiguration;
			buildSettings = {
				BUNDLE_LOADER = "$(TEST_HOST)";
				FRAMEWORK_SEARCH_PATHS = (
					"$(SDKROOT)/Developer/Library/Frameworks",
					"$(inherited)",
				);
				INFOPLIST_FILE = 3_TwitterTests/Info.plist;
				LD_RUNPATH_SEARCH_PATHS = "$(inherited) @executable_path/Frameworks @loader_path/Frameworks";
				PRODUCT_NAME = "$(TARGET_NAME)";
				TEST_HOST = "$(BUILT_PRODUCTS_DIR)/3_Twitter.app/3_Twitter";
			};
			name = Release;
		};
/* End XCBuildConfiguration section */

/* Begin XCConfigurationList section */
		8A13994B1A9595D900EEA030 /* Build configuration list for PBXProject "3_Twitter" */ = {
			isa = XCConfigurationList;
			buildConfigurations = (
				8A13996D1A9595D900EEA030 /* Debug */,
				8A13996E1A9595D900EEA030 /* Release */,
			);
			defaultConfigurationIsVisible = 0;
			defaultConfigurationName = Release;
		};
		8A13996F1A9595D900EEA030 /* Build configuration list for PBXNativeTarget "3_Twitter" */ = {
			isa = XCConfigurationList;
			buildConfigurations = (
				8A1399701A9595D900EEA030 /* Debug */,
				8A1399711A9595D900EEA030 /* Release */,
			);
			defaultConfigurationIsVisible = 0;
			defaultConfigurationName = Release;
		};
		8A1399721A9595D900EEA030 /* Build configuration list for PBXNativeTarget "3_TwitterTests" */ = {
			isa = XCConfigurationList;
			buildConfigurations = (
				8A1399731A9595D900EEA030 /* Debug */,
				8A1399741A9595D900EEA030 /* Release */,
			);
			defaultConfigurationIsVisible = 0;
			defaultConfigurationName = Release;
		};
/* End XCConfigurationList section */
	};
	rootObject = 8A1399481A9595D900EEA030 /* Project object */;
}
